
Microsoft Visual Studio Solution File, Format Version 12.00
# Visual Studio Version 16
VisualStudioVersion = 16.0.810.21
MinimumVisualStudioVersion = 10.0.40219.1
Project("{FAE04EC0-301F-11D3-BF4B-00C04F79EFBC}") = "TestHeavenSolutionsPolitrip", "TestHeavenSolutionsPolitrip\TestHeavenSolutionsPolitrip.csproj", "{078D7D73-0E66-47B6-ADFD-AD9205EE6FEC}"
EndProject
Global
	GlobalSection(SolutionConfigurationPlatforms) = preSolution
		Debug|Any CPU = Debug|Any CPU
		Release|Any CPU = Release|Any CPU
	EndGlobalSection
	GlobalSection(ProjectConfigurationPlatforms) = postSolution
		{078D7D73-0E66-47B6-ADFD-AD9205EE6FEC}.Debug|Any CPU.ActiveCfg = Debug|Any CPU
		{078D7D73-0E66-47B6-ADFD-AD9205EE6FEC}.Debug|Any CPU.Build.0 = Debug|Any CPU
		{078D7D73-0E66-47B6-ADFD-AD9205EE6FEC}.Release|Any CPU.ActiveCfg = Release|Any CPU
		{078D7D73-0E66-47B6-ADFD-AD9205EE6FEC}.Release|Any CPU.Build.0 = Release|Any CPU
	EndGlobalSection
	GlobalSection(SolutionProperties) = preSolution
		HideSolutionNode = FALSE
	EndGlobalSection
	GlobalSection(ExtensibilityGlobals) = postSolution
		SolutionGuid = {8E53F68D-BB04-4EAE-A626-220A8AA8CE8F}
	EndGlobalSection
EndGlobal
